{
  "name": "boardgames-front",
  "version": "1.0.0",
  "lockfileVersion": 3,
  "requires": true,
  "packages": {
    "": {
      "name": "boardgames-front",
      "version": "1.0.0",
      "license": "ISC",
      "dependencies": {
        "@navarti/rw": "^1.0.5"
      }
    },
    "node_modules/@navarti/rw": {
      "version": "1.0.5",
      "resolved": "https://registry.npmjs.org/@navarti/rw/-/rw-1.0.5.tgz",
      "integrity": "sha512-75lU2I/hNXUPShXpeFdYPbeoRjYKFXGCG+C3NzPdvJthjIzotnFsn0y/G2suuImhsvhTXgJfB20KU9S/bePQWw=="
    }
  }
}
